
Microsoft Visual Studio Solution File, Format Version 12.00
# Visual Studio 15
VisualStudioVersion = 15.0.27130.2036
MinimumVisualStudioVersion = 10.0.40219.1
Project("{8BC9CEB8-8B4A-11D0-8D11-00A0C91BC942}") = "HW7-Airport-Simulator", "HW7-Airport-Simulator\HW7-Airport-Simulator.vcxproj", "{9AFFD5F0-2246-4B33-977F-0F0DFCDD24A2}"
EndProject
Global
	GlobalSection(SolutionConfigurationPlatforms) = preSolution
		Debug|x64 = Debug|x64
		Debug|x86 = Debug|x86
		Release|x64 = Release|x64
		Release|x86 = Release|x86
	EndGlobalSection
	GlobalSection(ProjectConfigurationPlatforms) = postSolution
		{9AFFD5F0-2246-4B33-977F-0F0DFCDD24A2}.Debug|x64.ActiveCfg = Debug|x64
		{9AFFD5F0-2246-4B33-977F-0F0DFCDD24A2}.Debug|x64.Build.0 = Debug|x64
		{9AFFD5F0-2246-4B33-977F-0F0DFCDD24A2}.Debug|x86.ActiveCfg = Debug|Win32
		{9AFFD5F0-2246-4B33-977F-0F0DFCDD24A2}.Debug|x86.Build.0 = Debug|Win32
		{9AFFD5F0-2246-4B33-977F-0F0DFCDD24A2}.Release|x64.ActiveCfg = Release|x64
		{9AFFD5F0-2246-4B33-977F-0F0DFCDD24A2}.Release|x64.Build.0 = Release|x64
		{9AFFD5F0-2246-4B33-977F-0F0DFCDD24A2}.Release|x86.ActiveCfg = Release|Win32
		{9AFFD5F0-2246-4B33-977F-0F0DFCDD24A2}.Release|x86.Build.0 = Release|Win32
	EndGlobalSection
	GlobalSection(SolutionProperties) = preSolution
		HideSolutionNode = FALSE
	EndGlobalSection
	GlobalSection(ExtensibilityGlobals) = postSolution
		SolutionGuid = {FC14979B-C20B-4C8C-A239-648038CF8D2B}
	EndGlobalSection
EndGlobal
